// !$*UTF8*$!
{
	archiveVersion = 1;
	classes = {
	};
	objectVersion = 50;
	objects = {

/* Begin PBXBuildFile section */
		0314AA3222E469F300B39712 /* InWalkAR.framework in Frameworks */ = {isa = PBXBuildFile; fileRef = 3098068821EC748800C0E0F9 /* InWalkAR.framework */; };
		0314AA3322E469F300B39712 /* InWalkAR.framework in Embed Frameworks */ = {isa = PBXBuildFile; fileRef = 3098068821EC748800C0E0F9 /* InWalkAR.framework */; settings = {ATTRIBUTES = (CodeSignOnCopy, RemoveHeadersOnCopy, ); }; };
		1280F46520A1A42700E662E4 /* AppDelegate.m in Sources */ = {isa = PBXBuildFile; fileRef = 1280F46420A1A42700E662E4 /* AppDelegate.m */; };
		1280F46B20A1A42700E662E4 /* Main.storyboard in Resources */ = {isa = PBXBuildFile; fileRef = 1280F46920A1A42700E662E4 /* Main.storyboard */; };
		1280F46D20A1A42800E662E4 /* Assets.xcassets in Resources */ = {isa = PBXBuildFile; fileRef = 1280F46C20A1A42800E662E4 /* Assets.xcassets */; };
		1280F47020A1A42800E662E4 /* LaunchScreen.storyboard in Resources */ = {isa = PBXBuildFile; fileRef = 1280F46E20A1A42800E662E4 /* LaunchScreen.storyboard */; };
		1280F47320A1A42800E662E4 /* main.m in Sources */ = {isa = PBXBuildFile; fileRef = 1280F47220A1A42800E662E4 /* main.m */; };
		1280F47D20A1A42800E662E4 /* InWalkDemoTests.m in Sources */ = {isa = PBXBuildFile; fileRef = 1280F47C20A1A42800E662E4 /* InWalkDemoTests.m */; };
		1280F48820A1A42800E662E4 /* InWalkDemoUITests.m in Sources */ = {isa = PBXBuildFile; fileRef = 1280F48720A1A42800E662E4 /* InWalkDemoUITests.m */; };
		1280F49F20A1A45600E662E4 /* SwipeView.m in Sources */ = {isa = PBXBuildFile; fileRef = 1280F49720A1A45500E662E4 /* SwipeView.m */; };
		3003AB9D21AEAEC90044E14E /* ARTestViewController.m in Sources */ = {isa = PBXBuildFile; fileRef = 3003AB9C21AEAEC90044E14E /* ARTestViewController.m */; };
		305B68602268B7FA00C6B460 /* MMExampleCenterTableViewController.m in Sources */ = {isa = PBXBuildFile; fileRef = 305B685F2268B7FA00C6B460 /* MMExampleCenterTableViewController.m */; };
		305B68632268B80700C6B460 /* MMExampleLeftSideDrawerViewController.m in Sources */ = {isa = PBXBuildFile; fileRef = 305B68622268B80700C6B460 /* MMExampleLeftSideDrawerViewController.m */; };
		305B68662268B81500C6B460 /* MMExampleViewController.m in Sources */ = {isa = PBXBuildFile; fileRef = 305B68652268B81500C6B460 /* MMExampleViewController.m */; };
		305B68692268B82100C6B460 /* MMNavigationController.m in Sources */ = {isa = PBXBuildFile; fileRef = 305B68682268B82100C6B460 /* MMNavigationController.m */; };
		305B686C2268B82B00C6B460 /* ProjectListViewController.m in Sources */ = {isa = PBXBuildFile; fileRef = 305B686B2268B82B00C6B460 /* ProjectListViewController.m */; };
		305B686F2268C85100C6B460 /* ARNavigationViewController.m in Sources */ = {isa = PBXBuildFile; fileRef = 305B686E2268C85100C6B460 /* ARNavigationViewController.m */; };
		305B6872226B27BA00C6B460 /* Global.m in Sources */ = {isa = PBXBuildFile; fileRef = 305B6871226B27BA00C6B460 /* Global.m */; };
		306849E021E4A0C500BB6026 /* songriparking3.json in Resources */ = {isa = PBXBuildFile; fileRef = 306849DF21E4A0C500BB6026 /* songriparking3.json */; };
		308B38F822A5051B00F3956E /* gz_parking.json in Resources */ = {isa = PBXBuildFile; fileRef = 308B38F622A5051A00F3956E /* gz_parking.json */; };
		308B38F922A5051B00F3956E /* gz_mall.json in Resources */ = {isa = PBXBuildFile; fileRef = 308B38F722A5051A00F3956E /* gz_mall.json */; };
		308B392F22A8FBCA00F3956E /* sz_zhuoyue_b2.json in Resources */ = {isa = PBXBuildFile; fileRef = 308B392E22A8FBCA00F3956E /* sz_zhuoyue_b2.json */; };
		3258C71020D39A9E00565DB0 /* UIView+Toast.m in Sources */ = {isa = PBXBuildFile; fileRef = 3258C70F20D39A9E00565DB0 /* UIView+Toast.m */; };
		D549DEDA23AB15906B5356B0 /* Pods_InWalkDemo.framework in Frameworks */ = {isa = PBXBuildFile; fileRef = 70CABF17B04AEF95F6F34D27 /* Pods_InWalkDemo.framework */; };
/* End PBXBuildFile section */

/* Begin PBXContainerItemProxy section */
		1280F47920A1A42800E662E4 /* PBXContainerItemProxy */ = {
			isa = PBXContainerItemProxy;
			containerPortal = 1280F45820A1A42700E662E4 /* Project object */;
			proxyType = 1;
			remoteGlobalIDString = 1280F45F20A1A42700E662E4;
			remoteInfo = InWalkDemo;
		};
		1280F48420A1A42800E662E4 /* PBXContainerItemProxy */ = {
			isa = PBXContainerItemProxy;
			containerPortal = 1280F45820A1A42700E662E4 /* Project object */;
			proxyType = 1;
			remoteGlobalIDString = 1280F45F20A1A42700E662E4;
			remoteInfo = InWalkDemo;
		};
/* End PBXContainerItemProxy section */

/* Begin PBXCopyFilesBuildPhase section */
		0314AA3422E469F300B39712 /* Embed Frameworks */ = {
			isa = PBXCopyFilesBuildPhase;
			buildActionMask = 2147483647;
			dstPath = "";
			dstSubfolderSpec = 10;
			files = (
				0314AA3322E469F300B39712 /* InWalkAR.framework in Embed Frameworks */,
			);
			name = "Embed Frameworks";
			runOnlyForDeploymentPostprocessing = 0;
		};
/* End PBXCopyFilesBuildPhase section */

/* Begin PBXFileReference section */
		0314AA0A22DF4D6800B39712 /* InWalkAR.framework */ = {isa = PBXFileReference; explicitFileType = wrapper.framework; path = InWalkAR.framework; sourceTree = BUILT_PRODUCTS_DIR; };
		1280F46020A1A42700E662E4 /* InWalkDemo.app */ = {isa = PBXFileReference; explicitFileType = wrapper.application; includeInIndex = 0; path = InWalkDemo.app; sourceTree = BUILT_PRODUCTS_DIR; };
		1280F46320A1A42700E662E4 /* AppDelegate.h */ = {isa = PBXFileReference; lastKnownFileType = sourcecode.c.h; path = AppDelegate.h; sourceTree = "<group>"; };
		1280F46420A1A42700E662E4 /* AppDelegate.m */ = {isa = PBXFileReference; lastKnownFileType = sourcecode.c.objc; path = AppDelegate.m; sourceTree = "<group>"; };
		1280F46A20A1A42700E662E4 /* Base */ = {isa = PBXFileReference; lastKnownFileType = file.storyboard; name = Base; path = Base.lproj/Main.storyboard; sourceTree = "<group>"; };
		1280F46C20A1A42800E662E4 /* Assets.xcassets */ = {isa = PBXFileReference; lastKnownFileType = folder.assetcatalog; path = Assets.xcassets; sourceTree = "<group>"; };
		1280F46F20A1A42800E662E4 /* Base */ = {isa = PBXFileReference; lastKnownFileType = file.storyboard; name = Base; path = Base.lproj/LaunchScreen.storyboard; sourceTree = "<group>"; };
		1280F47120A1A42800E662E4 /* Info.plist */ = {isa = PBXFileReference; lastKnownFileType = text.plist.xml; path = Info.plist; sourceTree = "<group>"; };
		1280F47220A1A42800E662E4 /* main.m */ = {isa = PBXFileReference; lastKnownFileType = sourcecode.c.objc; path = main.m; sourceTree = "<group>"; };
		1280F47820A1A42800E662E4 /* InWalkDemoTests.xctest */ = {isa = PBXFileReference; explicitFileType = wrapper.cfbundle; includeInIndex = 0; path = InWalkDemoTests.xctest; sourceTree = BUILT_PRODUCTS_DIR; };
		1280F47C20A1A42800E662E4 /* InWalkDemoTests.m */ = {isa = PBXFileReference; lastKnownFileType = sourcecode.c.objc; path = InWalkDemoTests.m; sourceTree = "<group>"; };
		1280F47E20A1A42800E662E4 /* Info.plist */ = {isa = PBXFileReference; lastKnownFileType = text.plist.xml; path = Info.plist; sourceTree = "<group>"; };
		1280F48320A1A42800E662E4 /* InWalkDemoUITests.xctest */ = {isa = PBXFileReference; explicitFileType = wrapper.cfbundle; includeInIndex = 0; path = InWalkDemoUITests.xctest; sourceTree = BUILT_PRODUCTS_DIR; };
		1280F48720A1A42800E662E4 /* InWalkDemoUITests.m */ = {isa = PBXFileReference; lastKnownFileType = sourcecode.c.objc; path = InWalkDemoUITests.m; sourceTree = "<group>"; };
		1280F48920A1A42800E662E4 /* Info.plist */ = {isa = PBXFileReference; lastKnownFileType = text.plist.xml; path = Info.plist; sourceTree = "<group>"; };
		1280F49720A1A45500E662E4 /* SwipeView.m */ = {isa = PBXFileReference; fileEncoding = 4; lastKnownFileType = sourcecode.c.objc; path = SwipeView.m; sourceTree = "<group>"; };
		1280F49820A1A45500E662E4 /* SwipeView.h */ = {isa = PBXFileReference; fileEncoding = 4; lastKnownFileType = sourcecode.c.h; path = SwipeView.h; sourceTree = "<group>"; };
		3003AB9B21AEAEC90044E14E /* ARTestViewController.h */ = {isa = PBXFileReference; lastKnownFileType = sourcecode.c.h; path = ARTestViewController.h; sourceTree = "<group>"; };
		3003AB9C21AEAEC90044E14E /* ARTestViewController.m */ = {isa = PBXFileReference; lastKnownFileType = sourcecode.c.objc; path = ARTestViewController.m; sourceTree = "<group>"; };
		305B685E2268B7FA00C6B460 /* MMExampleCenterTableViewController.h */ = {isa = PBXFileReference; lastKnownFileType = sourcecode.c.h; path = MMExampleCenterTableViewController.h; sourceTree = "<group>"; };
		305B685F2268B7FA00C6B460 /* MMExampleCenterTableViewController.m */ = {isa = PBXFileReference; lastKnownFileType = sourcecode.c.objc; path = MMExampleCenterTableViewController.m; sourceTree = "<group>"; };
		305B68612268B80700C6B460 /* MMExampleLeftSideDrawerViewController.h */ = {isa = PBXFileReference; lastKnownFileType = sourcecode.c.h; path = MMExampleLeftSideDrawerViewController.h; sourceTree = "<group>"; };
		305B68622268B80700C6B460 /* MMExampleLeftSideDrawerViewController.m */ = {isa = PBXFileReference; lastKnownFileType = sourcecode.c.objc; path = MMExampleLeftSideDrawerViewController.m; sourceTree = "<group>"; };
		305B68642268B81500C6B460 /* MMExampleViewController.h */ = {isa = PBXFileReference; lastKnownFileType = sourcecode.c.h; path = MMExampleViewController.h; sourceTree = "<group>"; };
		305B68652268B81500C6B460 /* MMExampleViewController.m */ = {isa = PBXFileReference; lastKnownFileType = sourcecode.c.objc; path = MMExampleViewController.m; sourceTree = "<group>"; };
		305B68672268B82100C6B460 /* MMNavigationController.h */ = {isa = PBXFileReference; lastKnownFileType = sourcecode.c.h; path = MMNavigationController.h; sourceTree = "<group>"; };
		305B68682268B82100C6B460 /* MMNavigationController.m */ = {isa = PBXFileReference; lastKnownFileType = sourcecode.c.objc; path = MMNavigationController.m; sourceTree = "<group>"; };
		305B686A2268B82B00C6B460 /* ProjectListViewController.h */ = {isa = PBXFileReference; lastKnownFileType = sourcecode.c.h; path = ProjectListViewController.h; sourceTree = "<group>"; };
		305B686B2268B82B00C6B460 /* ProjectListViewController.m */ = {isa = PBXFileReference; lastKnownFileType = sourcecode.c.objc; path = ProjectListViewController.m; sourceTree = "<group>"; };
		305B686D2268C85100C6B460 /* ARNavigationViewController.h */ = {isa = PBXFileReference; lastKnownFileType = sourcecode.c.h; path = ARNavigationViewController.h; sourceTree = "<group>"; };
		305B686E2268C85100C6B460 /* ARNavigationViewController.m */ = {isa = PBXFileReference; lastKnownFileType = sourcecode.c.objc; path = ARNavigationViewController.m; sourceTree = "<group>"; };
		305B6870226B27BA00C6B460 /* Global.h */ = {isa = PBXFileReference; lastKnownFileType = sourcecode.c.h; path = Global.h; sourceTree = "<group>"; };
		305B6871226B27BA00C6B460 /* Global.m */ = {isa = PBXFileReference; lastKnownFileType = sourcecode.c.objc; path = Global.m; sourceTree = "<group>"; };
		306849DF21E4A0C500BB6026 /* songriparking3.json */ = {isa = PBXFileReference; lastKnownFileType = text.json; path = songriparking3.json; sourceTree = "<group>"; };
		308B38F622A5051A00F3956E /* gz_parking.json */ = {isa = PBXFileReference; fileEncoding = 4; lastKnownFileType = text.json; path = gz_parking.json; sourceTree = "<group>"; };
		308B38F722A5051A00F3956E /* gz_mall.json */ = {isa = PBXFileReference; fileEncoding = 4; lastKnownFileType = text.json; path = gz_mall.json; sourceTree = "<group>"; };
		308B392E22A8FBCA00F3956E /* sz_zhuoyue_b2.json */ = {isa = PBXFileReference; fileEncoding = 4; lastKnownFileType = text.json; path = sz_zhuoyue_b2.json; sourceTree = "<group>"; };
		3098068821EC748800C0E0F9 /* InWalkAR.framework */ = {isa = PBXFileReference; explicitFileType = wrapper.framework; path = InWalkAR.framework; sourceTree = BUILT_PRODUCTS_DIR; };
		3258C70E20D39A9D00565DB0 /* UIView+Toast.h */ = {isa = PBXFileReference; fileEncoding = 4; lastKnownFileType = sourcecode.c.h; path = "UIView+Toast.h"; sourceTree = "<group>"; };
		3258C70F20D39A9E00565DB0 /* UIView+Toast.m */ = {isa = PBXFileReference; fileEncoding = 4; lastKnownFileType = sourcecode.c.objc; path = "UIView+Toast.m"; sourceTree = "<group>"; };
		70CABF17B04AEF95F6F34D27 /* Pods_InWalkDemo.framework */ = {isa = PBXFileReference; explicitFileType = wrapper.framework; includeInIndex = 0; path = Pods_InWalkDemo.framework; sourceTree = BUILT_PRODUCTS_DIR; };
		939523C566F63113BEA397A8 /* Pods-InWalkDemo.release.xcconfig */ = {isa = PBXFileReference; includeInIndex = 1; lastKnownFileType = text.xcconfig; name = "Pods-InWalkDemo.release.xcconfig"; path = "../Pods/Target Support Files/Pods-InWalkDemo/Pods-InWalkDemo.release.xcconfig"; sourceTree = "<group>"; };
		FA03FC1A93655F54867943F6 /* Pods-InWalkDemo.debug.xcconfig */ = {isa = PBXFileReference; includeInIndex = 1; lastKnownFileType = text.xcconfig; name = "Pods-InWalkDemo.debug.xcconfig"; path = "../Pods/Target Support Files/Pods-InWalkDemo/Pods-InWalkDemo.debug.xcconfig"; sourceTree = "<group>"; };
/* End PBXFileReference section */

/* Begin PBXFrameworksBuildPhase section */
		1280F45D20A1A42700E662E4 /* Frameworks */ = {
			isa = PBXFrameworksBuildPhase;
			buildActionMask = 2147483647;
			files = (
				D549DEDA23AB15906B5356B0 /* Pods_InWalkDemo.framework in Frameworks */,
				0314AA3222E469F300B39712 /* InWalkAR.framework in Frameworks */,
			);
			runOnlyForDeploymentPostprocessing = 0;
		};
		1280F47520A1A42800E662E4 /* Frameworks */ = {
			isa = PBXFrameworksBuildPhase;
			buildActionMask = 2147483647;
			files = (
			);
			runOnlyForDeploymentPostprocessing = 0;
		};
		1280F48020A1A42800E662E4 /* Frameworks */ = {
			isa = PBXFrameworksBuildPhase;
			buildActionMask = 2147483647;
			files = (
			);
			runOnlyForDeploymentPostprocessing = 0;
		};
/* End PBXFrameworksBuildPhase section */

/* Begin PBXGroup section */
		1280F45720A1A42700E662E4 = {
			isa = PBXGroup;
			children = (
				0314AA0A22DF4D6800B39712 /* InWalkAR.framework */,
				308B38F722A5051A00F3956E /* gz_mall.json */,
				308B38F622A5051A00F3956E /* gz_parking.json */,
				306849DF21E4A0C500BB6026 /* songriparking3.json */,
				308B392E22A8FBCA00F3956E /* sz_zhuoyue_b2.json */,
				1280F46220A1A42700E662E4 /* InWalkDemo */,
				1280F47B20A1A42800E662E4 /* InWalkDemoTests */,
				1280F48620A1A42800E662E4 /* InWalkDemoUITests */,
				1280F46120A1A42700E662E4 /* Products */,
				F052D645234B5879AD16570B /* Pods */,
				92ECD7EA6A2685B8097E7E31 /* Frameworks */,
			);
			sourceTree = "<group>";
		};
		1280F46120A1A42700E662E4 /* Products */ = {
			isa = PBXGroup;
			children = (
				1280F46020A1A42700E662E4 /* InWalkDemo.app */,
				1280F47820A1A42800E662E4 /* InWalkDemoTests.xctest */,
				1280F48320A1A42800E662E4 /* InWalkDemoUITests.xctest */,
			);
			name = Products;
			sourceTree = "<group>";
		};
		1280F46220A1A42700E662E4 /* InWalkDemo */ = {
			isa = PBXGroup;
			children = (
				305B685D2268B7E800C6B460 /* ViewControllers */,
				1280F49520A1A45500E662E4 /* view */,
				1280F46320A1A42700E662E4 /* AppDelegate.h */,
				1280F46420A1A42700E662E4 /* AppDelegate.m */,
				1280F46920A1A42700E662E4 /* Main.storyboard */,
				1280F46C20A1A42800E662E4 /* Assets.xcassets */,
				1280F46E20A1A42800E662E4 /* LaunchScreen.storyboard */,
				1280F47120A1A42800E662E4 /* Info.plist */,
				1280F47220A1A42800E662E4 /* main.m */,
				3003AB9B21AEAEC90044E14E /* ARTestViewController.h */,
				3003AB9C21AEAEC90044E14E /* ARTestViewController.m */,
				305B6870226B27BA00C6B460 /* Global.h */,
				305B6871226B27BA00C6B460 /* Global.m */,
			);
			path = InWalkDemo;
			sourceTree = "<group>";
		};
		1280F47B20A1A42800E662E4 /* InWalkDemoTests */ = {
			isa = PBXGroup;
			children = (
				1280F47C20A1A42800E662E4 /* InWalkDemoTests.m */,
				1280F47E20A1A42800E662E4 /* Info.plist */,
			);
			path = InWalkDemoTests;
			sourceTree = "<group>";
		};
		1280F48620A1A42800E662E4 /* InWalkDemoUITests */ = {
			isa = PBXGroup;
			children = (
				1280F48720A1A42800E662E4 /* InWalkDemoUITests.m */,
				1280F48920A1A42800E662E4 /* Info.plist */,
			);
			path = InWalkDemoUITests;
			sourceTree = "<group>";
		};
		1280F49520A1A45500E662E4 /* view */ = {
			isa = PBXGroup;
			children = (
				3258C70E20D39A9D00565DB0 /* UIView+Toast.h */,
				3258C70F20D39A9E00565DB0 /* UIView+Toast.m */,
				1280F49720A1A45500E662E4 /* SwipeView.m */,
				1280F49820A1A45500E662E4 /* SwipeView.h */,
			);
			path = view;
			sourceTree = "<group>";
		};
		305B685D2268B7E800C6B460 /* ViewControllers */ = {
			isa = PBXGroup;
			children = (
				305B685E2268B7FA00C6B460 /* MMExampleCenterTableViewController.h */,
				305B685F2268B7FA00C6B460 /* MMExampleCenterTableViewController.m */,
				305B68612268B80700C6B460 /* MMExampleLeftSideDrawerViewController.h */,
				305B68622268B80700C6B460 /* MMExampleLeftSideDrawerViewController.m */,
				305B68642268B81500C6B460 /* MMExampleViewController.h */,
				305B68652268B81500C6B460 /* MMExampleViewController.m */,
				305B68672268B82100C6B460 /* MMNavigationController.h */,
				305B68682268B82100C6B460 /* MMNavigationController.m */,
				305B686A2268B82B00C6B460 /* ProjectListViewController.h */,
				305B686B2268B82B00C6B460 /* ProjectListViewController.m */,
				305B686D2268C85100C6B460 /* ARNavigationViewController.h */,
				305B686E2268C85100C6B460 /* ARNavigationViewController.m */,
			);
			path = ViewControllers;
			sourceTree = "<group>";
		};
		92ECD7EA6A2685B8097E7E31 /* Frameworks */ = {
			isa = PBXGroup;
			children = (
				3098068821EC748800C0E0F9 /* InWalkAR.framework */,
				70CABF17B04AEF95F6F34D27 /* Pods_InWalkDemo.framework */,
			);
			name = Frameworks;
			sourceTree = "<group>";
		};
		F052D645234B5879AD16570B /* Pods */ = {
			isa = PBXGroup;
			children = (
				FA03FC1A93655F54867943F6 /* Pods-InWalkDemo.debug.xcconfig */,
				939523C566F63113BEA397A8 /* Pods-InWalkDemo.release.xcconfig */,
			);
			name = Pods;
			sourceTree = "<group>";
		};
/* End PBXGroup section */

/* Begin PBXNativeTarget section */
		1280F45F20A1A42700E662E4 /* InWalkDemo */ = {
			isa = PBXNativeTarget;
			buildConfigurationList = 1280F48C20A1A42800E662E4 /* Build configuration list for PBXNativeTarget "InWalkDemo" */;
			buildPhases = (
				744C7D8360E9A140674B443A /* [CP] Check Pods Manifest.lock */,
				1280F45C20A1A42700E662E4 /* Sources */,
				1280F45D20A1A42700E662E4 /* Frameworks */,
				1280F45E20A1A42700E662E4 /* Resources */,
				0FC4206240728E052C19E109 /* [CP] Embed Pods Frameworks */,
				0314AA3422E469F300B39712 /* Embed Frameworks */,
			);
			buildRules = (
			);
			dependencies = (
			);
			name = InWalkDemo;
			productName = InWalkDemo;
			productReference = 1280F46020A1A42700E662E4 /* InWalkDemo.app */;
			productType = "com.apple.product-type.application";
		};
		1280F47720A1A42800E662E4 /* InWalkDemoTests */ = {
			isa = PBXNativeTarget;
			buildConfigurationList = 1280F48F20A1A42800E662E4 /* Build configuration list for PBXNativeTarget "InWalkDemoTests" */;
			buildPhases = (
				1280F47420A1A42800E662E4 /* Sources */,
				1280F47520A1A42800E662E4 /* Frameworks */,
				1280F47620A1A42800E662E4 /* Resources */,
			);
			buildRules = (
			);
			dependencies = (
				1280F47A20A1A42800E662E4 /* PBXTargetDependency */,
			);
			name = InWalkDemoTests;
			productName = InWalkDemoTests;
			productReference = 1280F47820A1A42800E662E4 /* InWalkDemoTests.xctest */;
			productType = "com.apple.product-type.bundle.unit-test";
		};
		1280F48220A1A42800E662E4 /* InWalkDemoUITests */ = {
			isa = PBXNativeTarget;
			buildConfigurationList = 1280F49220A1A42800E662E4 /* Build configuration list for PBXNativeTarget "InWalkDemoUITests" */;
			buildPhases = (
				1280F47F20A1A42800E662E4 /* Sources */,
				1280F48020A1A42800E662E4 /* Frameworks */,
				1280F48120A1A42800E662E4 /* Resources */,
			);
			buildRules = (
			);
			dependencies = (
				1280F48520A1A42800E662E4 /* PBXTargetDependency */,
			);
			name = InWalkDemoUITests;
			productName = InWalkDemoUITests;
			productReference = 1280F48320A1A42800E662E4 /* InWalkDemoUITests.xctest */;
			productType = "com.apple.product-type.bundle.ui-testing";
		};
/* End PBXNativeTarget section */

/* Begin PBXProject section */
		1280F45820A1A42700E662E4 /* Project object */ = {
			isa = PBXProject;
			attributes = {
				LastUpgradeCheck = 0930;
				ORGANIZATIONNAME = "InReal Co., Ltd.";
				TargetAttributes = {
					1280F45F20A1A42700E662E4 = {
						CreatedOnToolsVersion = 9.3;
					};
					1280F47720A1A42800E662E4 = {
						CreatedOnToolsVersion = 9.3;
						TestTargetID = 1280F45F20A1A42700E662E4;
					};
					1280F48220A1A42800E662E4 = {
						CreatedOnToolsVersion = 9.3;
						TestTargetID = 1280F45F20A1A42700E662E4;
					};
				};
			};
			buildConfigurationList = 1280F45B20A1A42700E662E4 /* Build configuration list for PBXProject "InWalkDemo" */;
			compatibilityVersion = "Xcode 9.3";
			developmentRegion = en;
			hasScannedForEncodings = 0;
			knownRegions = (
				en,
				Base,
			);
			mainGroup = 1280F45720A1A42700E662E4;
			productRefGroup = 1280F46120A1A42700E662E4 /* Products */;
			projectDirPath = "";
			projectRoot = "";
			targets = (
				1280F45F20A1A42700E662E4 /* InWalkDemo */,
				1280F47720A1A42800E662E4 /* InWalkDemoTests */,
				1280F48220A1A42800E662E4 /* InWalkDemoUITests */,
			);
		};
/* End PBXProject section */

/* Begin PBXResourcesBuildPhase section */
		1280F45E20A1A42700E662E4 /* Resources */ = {
			isa = PBXResourcesBuildPhase;
			buildActionMask = 2147483647;
			files = (
				308B38F922A5051B00F3956E /* gz_mall.json in Resources */,
				308B392F22A8FBCA00F3956E /* sz_zhuoyue_b2.json in Resources */,
				1280F47020A1A42800E662E4 /* LaunchScreen.storyboard in Resources */,
				308B38F822A5051B00F3956E /* gz_parking.json in Resources */,
				1280F46D20A1A42800E662E4 /* Assets.xcassets in Resources */,
				306849E021E4A0C500BB6026 /* songriparking3.json in Resources */,
				1280F46B20A1A42700E662E4 /* Main.storyboard in Resources */,
			);
			runOnlyForDeploymentPostprocessing = 0;
		};
		1280F47620A1A42800E662E4 /* Resources */ = {
			isa = PBXResourcesBuildPhase;
			buildActionMask = 2147483647;
			files = (
			);
			runOnlyForDeploymentPostprocessing = 0;
		};
		1280F48120A1A42800E662E4 /* Resources */ = {
			isa = PBXResourcesBuildPhase;
			buildActionMask = 2147483647;
			files = (
			);
			runOnlyForDeploymentPostprocessing = 0;
		};
/* End PBXResourcesBuildPhase section */

/* Begin PBXShellScriptBuildPhase section */
		0FC4206240728E052C19E109 /* [CP] Embed Pods Frameworks */ = {
			isa = PBXShellScriptBuildPhase;
			buildActionMask = 2147483647;
			files = (
			);
			inputFileListPaths = (
			);
			inputPaths = (
				"${SRCROOT}/../Pods/Target Support Files/Pods-InWalkDemo/Pods-InWalkDemo-frameworks.sh",
				"${BUILT_PRODUCTS_DIR}/MMDrawerController/MMDrawerController.framework",
			);
			name = "[CP] Embed Pods Frameworks";
			outputFileListPaths = (
			);
			outputPaths = (
				"${TARGET_BUILD_DIR}/${FRAMEWORKS_FOLDER_PATH}/MMDrawerController.framework",
			);
			runOnlyForDeploymentPostprocessing = 0;
			shellPath = /bin/sh;
			shellScript = "\"${SRCROOT}/../Pods/Target Support Files/Pods-InWalkDemo/Pods-InWalkDemo-frameworks.sh\"\n";
			showEnvVarsInLog = 0;
		};
		744C7D8360E9A140674B443A /* [CP] Check Pods Manifest.lock */ = {
			isa = PBXShellScriptBuildPhase;
			buildActionMask = 2147483647;
			files = (
			);
			inputPaths = (
				"${PODS_PODFILE_DIR_PATH}/Podfile.lock",
				"${PODS_ROOT}/Manifest.lock",
			);
			name = "[CP] Check Pods Manifest.lock";
			outputPaths = (
				"$(DERIVED_FILE_DIR)/Pods-InWalkDemo-checkManifestLockResult.txt",
			);
			runOnlyForDeploymentPostprocessing = 0;
			shellPath = /bin/sh;
			shellScript = "diff \"${PODS_PODFILE_DIR_PATH}/Podfile.lock\" \"${PODS_ROOT}/Manifest.lock\" > /dev/null\nif [ $? != 0 ] ; then\n    # print error to STDERR\n    echo \"error: The sandbox is not in sync with the Podfile.lock. Run 'pod install' or update your CocoaPods installation.\" >&2\n    exit 1\nfi\n# This output is used by Xcode 'outputs' to avoid re-running this script phase.\necho \"SUCCESS\" > \"${SCRIPT_OUTPUT_FILE_0}\"\n";
			showEnvVarsInLog = 0;
		};
/* End PBXShellScriptBuildPhase section */

/* Begin PBXSourcesBuildPhase section */
		1280F45C20A1A42700E662E4 /* Sources */ = {
			isa = PBXSourcesBuildPhase;
			buildActionMask = 2147483647;
			files = (
				305B6872226B27BA00C6B460 /* Global.m in Sources */,
				305B68632268B80700C6B460 /* MMExampleLeftSideDrawerViewController.m in Sources */,
				305B68662268B81500C6B460 /* MMExampleViewController.m in Sources */,
				1280F47320A1A42800E662E4 /* main.m in Sources */,
				305B68692268B82100C6B460 /* MMNavigationController.m in Sources */,
				3258C71020D39A9E00565DB0 /* UIView+Toast.m in Sources */,
				1280F46520A1A42700E662E4 /* AppDelegate.m in Sources */,
				305B686C2268B82B00C6B460 /* ProjectListViewController.m in Sources */,
				3003AB9D21AEAEC90044E14E /* ARTestViewController.m in Sources */,
				1280F49F20A1A45600E662E4 /* SwipeView.m in Sources */,
				305B68602268B7FA00C6B460 /* MMExampleCenterTableViewController.m in Sources */,
				305B686F2268C85100C6B460 /* ARNavigationViewController.m in Sources */,
			);
			runOnlyForDeploymentPostprocessing = 0;
		};
		1280F47420A1A42800E662E4 /* Sources */ = {
			isa = PBXSourcesBuildPhase;
			buildActionMask = 2147483647;
			files = (
				1280F47D20A1A42800E662E4 /* InWalkDemoTests.m in Sources */,
			);
			runOnlyForDeploymentPostprocessing = 0;
		};
		1280F47F20A1A42800E662E4 /* Sources */ = {
			isa = PBXSourcesBuildPhase;
			buildActionMask = 2147483647;
			files = (
				1280F48820A1A42800E662E4 /* InWalkDemoUITests.m in Sources */,
			);
			runOnlyForDeploymentPostprocessing = 0;
		};
/* End PBXSourcesBuildPhase section */

/* Begin PBXTargetDependency section */
		1280F47A20A1A42800E662E4 /* PBXTargetDependency */ = {
			isa = PBXTargetDependency;
			target = 1280F45F20A1A42700E662E4 /* InWalkDemo */;
			targetProxy = 1280F47920A1A42800E662E4 /* PBXContainerItemProxy */;
		};
		1280F48520A1A42800E662E4 /* PBXTargetDependency */ = {
			isa = PBXTargetDependency;
			target = 1280F45F20A1A42700E662E4 /* InWalkDemo */;
			targetProxy = 1280F48420A1A42800E662E4 /* PBXContainerItemProxy */;
		};
/* End PBXTargetDependency section */

/* Begin PBXVariantGroup section */
		1280F46920A1A42700E662E4 /* Main.storyboard */ = {
			isa = PBXVariantGroup;
			children = (
				1280F46A20A1A42700E662E4 /* Base */,
			);
			name = Main.storyboard;
			sourceTree = "<group>";
		};
		1280F46E20A1A42800E662E4 /* LaunchScreen.storyboard */ = {
			isa = PBXVariantGroup;
			children = (
				1280F46F20A1A42800E662E4 /* Base */,
			);
			name = LaunchScreen.storyboard;
			sourceTree = "<group>";
		};
/* End PBXVariantGroup section */

/* Begin XCBuildConfiguration section */
		1280F48A20A1A42800E662E4 /* Debug */ = {
			isa = XCBuildConfiguration;
			buildSettings = {
				ALWAYS_SEARCH_USER_PATHS = NO;
				CLANG_ANALYZER_NONNULL = YES;
				CLANG_ANALYZER_NUMBER_OBJECT_CONVERSION = YES_AGGRESSIVE;
				CLANG_CXX_LANGUAGE_STANDARD = "gnu++14";
				CLANG_CXX_LIBRARY = "libc++";
				CLANG_ENABLE_MODULES = YES;
				CLANG_ENABLE_OBJC_ARC = YES;
				CLANG_ENABLE_OBJC_WEAK = YES;
				CLANG_WARN_BLOCK_CAPTURE_AUTORELEASING = YES;
				CLANG_WARN_BOOL_CONVERSION = YES;
				CLANG_WARN_COMMA = YES;
				CLANG_WARN_CONSTANT_CONVERSION = YES;
				CLANG_WARN_DEPRECATED_OBJC_IMPLEMENTATIONS = YES;
				CLANG_WARN_DIRECT_OBJC_ISA_USAGE = YES_ERROR;
				CLANG_WARN_DOCUMENTATION_COMMENTS = YES;
				CLANG_WARN_EMPTY_BODY = YES;
				CLANG_WARN_ENUM_CONVERSION = YES;
				CLANG_WARN_INFINITE_RECURSION = YES;
				CLANG_WARN_INT_CONVERSION = YES;
				CLANG_WARN_NON_LITERAL_NULL_CONVERSION = YES;
				CLANG_WARN_OBJC_IMPLICIT_RETAIN_SELF = YES;
				CLANG_WARN_OBJC_LITERAL_CONVERSION = YES;
				CLANG_WARN_OBJC_ROOT_CLASS = YES_ERROR;
				CLANG_WARN_RANGE_LOOP_ANALYSIS = YES;
				CLANG_WARN_STRICT_PROTOTYPES = YES;
				CLANG_WARN_SUSPICIOUS_MOVE = YES;
				CLANG_WARN_UNGUARDED_AVAILABILITY = YES_AGGRESSIVE;
				CLANG_WARN_UNREACHABLE_CODE = YES;
				CLANG_WARN__DUPLICATE_METHOD_MATCH = YES;
				CODE_SIGN_IDENTITY = "iPhone Developer";
				COPY_PHASE_STRIP = NO;
				DEBUG_INFORMATION_FORMAT = dwarf;
				ENABLE_STRICT_OBJC_MSGSEND = YES;
				ENABLE_TESTABILITY = YES;
				GCC_C_LANGUAGE_STANDARD = gnu11;
				GCC_DYNAMIC_NO_PIC = NO;
				GCC_NO_COMMON_BLOCKS = YES;
				GCC_OPTIMIZATION_LEVEL = 0;
				GCC_PREPROCESSOR_DEFINITIONS = (
					"DEBUG=1",
					"$(inherited)",
				);
				GCC_WARN_64_TO_32_BIT_CONVERSION = YES;
				GCC_WARN_ABOUT_RETURN_TYPE = YES_ERROR;
				GCC_WARN_UNDECLARED_SELECTOR = YES;
				GCC_WARN_UNINITIALIZED_AUTOS = YES_AGGRESSIVE;
				GCC_WARN_UNUSED_FUNCTION = YES;
				GCC_WARN_UNUSED_VARIABLE = YES;
				IPHONEOS_DEPLOYMENT_TARGET = 11.3;
				MTL_ENABLE_DEBUG_INFO = YES;
				ONLY_ACTIVE_ARCH = YES;
				SDKROOT = iphoneos;
			};
			name = Debug;
		};
		1280F48B20A1A42800E662E4 /* Release */ = {
			isa = XCBuildConfiguration;
			buildSettings = {
				ALWAYS_SEARCH_USER_PATHS = NO;
				CLANG_ANALYZER_NONNULL = YES;
				CLANG_ANALYZER_NUMBER_OBJECT_CONVERSION = YES_AGGRESSIVE;
				CLANG_CXX_LANGUAGE_STANDARD = "gnu++14";
				CLANG_CXX_LIBRARY = "libc++";
				CLANG_ENABLE_MODULES = YES;
				CLANG_ENABLE_OBJC_ARC = YES;
				CLANG_ENABLE_OBJC_WEAK = YES;
				CLANG_WARN_BLOCK_CAPTURE_AUTORELEASING = YES;
				CLANG_WARN_BOOL_CONVERSION = YES;
				CLANG_WARN_COMMA = YES;
				CLANG_WARN_CONSTANT_CONVERSION = YES;
				CLANG_WARN_DEPRECATED_OBJC_IMPLEMENTATIONS = YES;
				CLANG_WARN_DIRECT_OBJC_ISA_USAGE = YES_ERROR;
				CLANG_WARN_DOCUMENTATION_COMMENTS = YES;
				CLANG_WARN_EMPTY_BODY = YES;
				CLANG_WARN_ENUM_CONVERSION = YES;
				CLANG_WARN_INFINITE_RECURSION = YES;
				CLANG_WARN_INT_CONVERSION = YES;
				CLANG_WARN_NON_LITERAL_NULL_CONVERSION = YES;
				CLANG_WARN_OBJC_IMPLICIT_RETAIN_SELF = YES;
				CLANG_WARN_OBJC_LITERAL_CONVERSION = YES;
				CLANG_WARN_OBJC_ROOT_CLASS = YES_ERROR;
				CLANG_WARN_RANGE_LOOP_ANALYSIS = YES;
				CLANG_WARN_STRICT_PROTOTYPES = YES;
				CLANG_WARN_SUSPICIOUS_MOVE = YES;
				CLANG_WARN_UNGUARDED_AVAILABILITY = YES_AGGRESSIVE;
				CLANG_WARN_UNREACHABLE_CODE = YES;
				CLANG_WARN__DUPLICATE_METHOD_MATCH = YES;
				CODE_SIGN_IDENTITY = "iPhone Developer";
				COPY_PHASE_STRIP = NO;
				DEBUG_INFORMATION_FORMAT = "dwarf-with-dsym";
				ENABLE_NS_ASSERTIONS = NO;
				ENABLE_STRICT_OBJC_MSGSEND = YES;
				GCC_C_LANGUAGE_STANDARD = gnu11;
				GCC_NO_COMMON_BLOCKS = YES;
				GCC_WARN_64_TO_32_BIT_CONVERSION = YES;
				GCC_WARN_ABOUT_RETURN_TYPE = YES_ERROR;
				GCC_WARN_UNDECLARED_SELECTOR = YES;
				GCC_WARN_UNINITIALIZED_AUTOS = YES_AGGRESSIVE;
				GCC_WARN_UNUSED_FUNCTION = YES;
				GCC_WARN_UNUSED_VARIABLE = YES;
				IPHONEOS_DEPLOYMENT_TARGET = 11.3;
				MTL_ENABLE_DEBUG_INFO = NO;
				SDKROOT = iphoneos;
				VALIDATE_PRODUCT = YES;
			};
			name = Release;
		};
		1280F48D20A1A42800E662E4 /* Debug */ = {
			isa = XCBuildConfiguration;
			baseConfigurationReference = FA03FC1A93655F54867943F6 /* Pods-InWalkDemo.debug.xcconfig */;
			buildSettings = {
				ASSETCATALOG_COMPILER_APPICON_NAME = AppIcon;
				CODE_SIGN_IDENTITY = "iPhone Developer";
				CODE_SIGN_STYLE = Automatic;
				DEVELOPMENT_TEAM = 3HN896KDRL;
				INFOPLIST_FILE = InWalkDemo/Info.plist;
				IPHONEOS_DEPLOYMENT_TARGET = 9.0;
				LD_RUNPATH_SEARCH_PATHS = (
					"$(inherited)",
					"@executable_path/Frameworks",
				);
				ONLY_ACTIVE_ARCH = YES;
				PRODUCT_BUNDLE_IDENTIFIER = net.inwalk.arparkingnav4gz;
				PRODUCT_NAME = "$(TARGET_NAME)";
				PROVISIONING_PROFILE_SPECIFIER = "";
				TARGETED_DEVICE_FAMILY = "1,2";
				VALID_ARCHS = "arm64 armv7";
			};
			name = Debug;
		};
		1280F48E20A1A42800E662E4 /* Release */ = {
			isa = XCBuildConfiguration;
			baseConfigurationReference = 939523C566F63113BEA397A8 /* Pods-InWalkDemo.release.xcconfig */;
			buildSettings = {
				ASSETCATALOG_COMPILER_APPICON_NAME = AppIcon;
				CODE_SIGN_IDENTITY = "iPhone Developer";
				CODE_SIGN_STYLE = Automatic;
				DEVELOPMENT_TEAM = 3HN896KDRL;
				INFOPLIST_FILE = InWalkDemo/Info.plist;
				IPHONEOS_DEPLOYMENT_TARGET = 9.0;
				LD_RUNPATH_SEARCH_PATHS = (
					"$(inherited)",
					"@executable_path/Frameworks",
				);
				ONLY_ACTIVE_ARCH = YES;
				PRODUCT_BUNDLE_IDENTIFIER = net.inwalk.arparkingnav4gz;
				PRODUCT_NAME = "$(TARGET_NAME)";
				PROVISIONING_PROFILE_SPECIFIER = "";
				TARGETED_DEVICE_FAMILY = "1,2";
				VALID_ARCHS = "arm64 armv7";
			};
			name = Release;
		};
		1280F49020A1A42800E662E4 /* Debug */ = {
			isa = XCBuildConfiguration;
			buildSettings = {
				BUNDLE_LOADER = "$(TEST_HOST)";
				CODE_SIGN_STYLE = Automatic;
				DEVELOPMENT_TEAM = 5W9H4X287W;
				INFOPLIST_FILE = InWalkDemoTests/Info.plist;
				LD_RUNPATH_SEARCH_PATHS = (
					"$(inherited)",
					"@executable_path/Frameworks",
					"@loader_path/Frameworks",
				);
				PRODUCT_BUNDLE_IDENTIFIER = net.inWalk.InWalkDemoTests;
				PRODUCT_NAME = "$(TARGET_NAME)";
				TARGETED_DEVICE_FAMILY = "1,2";
				TEST_HOST = "$(BUILT_PRODUCTS_DIR)/InWalkDemo.app/InWalkDemo";
			};
			name = Debug;
		};
		1280F49120A1A42800E662E4 /* Release */ = {
			isa = XCBuildConfiguration;
			buildSettings = {
				BUNDLE_LOADER = "$(TEST_HOST)";
				CODE_SIGN_STYLE = Automatic;
				DEVELOPMENT_TEAM = 5W9H4X287W;
				INFOPLIST_FILE = InWalkDemoTests/Info.plist;
				LD_RUNPATH_SEARCH_PATHS = (
					"$(inherited)",
					"@executable_path/Frameworks",
					"@loader_path/Frameworks",
				);
				PRODUCT_BUNDLE_IDENTIFIER = net.inWalk.InWalkDemoTests;
				PRODUCT_NAME = "$(TARGET_NAME)";
				TARGETED_DEVICE_FAMILY = "1,2";
				TEST_HOST = "$(BUILT_PRODUCTS_DIR)/InWalkDemo.app/InWalkDemo";
			};
			name = Release;
		};
		1280F49320A1A42800E662E4 /* Debug */ = {
			isa = XCBuildConfiguration;
			buildSettings = {
				CODE_SIGN_STYLE = Automatic;
				DEVELOPMENT_TEAM = 5W9H4X287W;
				INFOPLIST_FILE = InWalkDemoUITests/Info.plist;
				LD_RUNPATH_SEARCH_PATHS = (
					"$(inherited)",
					"@executable_path/Frameworks",
					"@loader_path/Frameworks",
				);
				PRODUCT_BUNDLE_IDENTIFIER = net.inWalk.InWalkDemoUITests;
				PRODUCT_NAME = "$(TARGET_NAME)";
				TARGETED_DEVICE_FAMILY = "1,2";
				TEST_TARGET_NAME = InWalkDemo;
			};
			name = Debug;
		};
		1280F49420A1A42800E662E4 /* Release */ = {
			isa = XCBuildConfiguration;
			buildSettings = {
				CODE_SIGN_STYLE = Automatic;
				DEVELOPMENT_TEAM = 5W9H4X287W;
				INFOPLIST_FILE = InWalkDemoUITests/Info.plist;
				LD_RUNPATH_SEARCH_PATHS = (
					"$(inherited)",
					"@executable_path/Frameworks",
					"@loader_path/Frameworks",
				);
				PRODUCT_BUNDLE_IDENTIFIER = net.inWalk.InWalkDemoUITests;
				PRODUCT_NAME = "$(TARGET_NAME)";
				TARGETED_DEVICE_FAMILY = "1,2";
				TEST_TARGET_NAME = InWalkDemo;
			};
			name = Release;
		};
/* End XCBuildConfiguration section */

/* Begin XCConfigurationList section */
		1280F45B20A1A42700E662E4 /* Build configuration list for PBXProject "InWalkDemo" */ = {
			isa = XCConfigurationList;
			buildConfigurations = (
				1280F48A20A1A42800E662E4 /* Debug */,
				1280F48B20A1A42800E662E4 /* Release */,
			);
			defaultConfigurationIsVisible = 0;
			defaultConfigurationName = Release;
		};
		1280F48C20A1A42800E662E4 /* Build configuration list for PBXNativeTarget "InWalkDemo" */ = {
			isa = XCConfigurationList;
			buildConfigurations = (
				1280F48D20A1A42800E662E4 /* Debug */,
				1280F48E20A1A42800E662E4 /* Release */,
			);
			defaultConfigurationIsVisible = 0;
			defaultConfigurationName = Release;
		};
		1280F48F20A1A42800E662E4 /* Build configuration list for PBXNativeTarget "InWalkDemoTests" */ = {
			isa = XCConfigurationList;
			buildConfigurations = (
				1280F49020A1A42800E662E4 /* Debug */,
				1280F49120A1A42800E662E4 /* Release */,
			);
			defaultConfigurationIsVisible = 0;
			defaultConfigurationName = Release;
		};
		1280F49220A1A42800E662E4 /* Build configuration list for PBXNativeTarget "InWalkDemoUITests" */ = {
			isa = XCConfigurationList;
			buildConfigurations = (
				1280F49320A1A42800E662E4 /* Debug */,
				1280F49420A1A42800E662E4 /* Release */,
			);
			defaultConfigurationIsVisible = 0;
			defaultConfigurationName = Release;
		};
/* End XCConfigurationList section */
	};
	rootObject = 1280F45820A1A42700E662E4 /* Project object */;
}
